// !$*UTF8*$!
{
	archiveVersion = 1;
	classes = {
	};
	objectVersion = 60;
	objects = {

/* Begin PBXBuildFile section */
		E710931D2BE13DAA005482F7 /* LicenseList in Frameworks */ = {isa = PBXBuildFile; productRef = E710931C2BE13DAA005482F7 /* LicenseList */; };
		E71A82792BE200B700C16FEE /* BuildClient.swift in Sources */ = {isa = PBXBuildFile; fileRef = E71A82782BE200B700C16FEE /* BuildClient.swift */; };
		E7235A72297D75D500E1339A /* Theme.swift in Sources */ = {isa = PBXBuildFile; fileRef = E7235A71297D75D500E1339A /* Theme.swift */; };
		E72505732BB716EB002BFB34 /* BannerViewControllerWidthDelegate.swift in Sources */ = {isa = PBXBuildFile; fileRef = E72505722BB716EB002BFB34 /* BannerViewControllerWidthDelegate.swift */; };
		E72505752BB71786002BFB34 /* BannerViewController.swift in Sources */ = {isa = PBXBuildFile; fileRef = E72505742BB71786002BFB34 /* BannerViewController.swift */; };
		E72EA33B2F55E7A3007BFC81 /* FavoriteLocalDataStore.swift in Sources */ = {isa = PBXBuildFile; fileRef = E72EA33A2F55E7A3007BFC81 /* FavoriteLocalDataStore.swift */; };
		E72EA33D2F55E7B4007BFC81 /* FavoriteRemoteDataStore.swift in Sources */ = {isa = PBXBuildFile; fileRef = E72EA33C2F55E7B4007BFC81 /* FavoriteRemoteDataStore.swift */; };
		E72EA33F2F55E7D2007BFC81 /* FavoriteRepository.swift in Sources */ = {isa = PBXBuildFile; fileRef = E72EA33E2F55E7D2007BFC81 /* FavoriteRepository.swift */; };
		E72EA3412F55E7DF007BFC81 /* FavoriteRepository+Live.swift in Sources */ = {isa = PBXBuildFile; fileRef = E72EA3402F55E7DF007BFC81 /* FavoriteRepository+Live.swift */; };
		E72EA3442F5703B1007BFC81 /* CheckInRemoteDataStore.swift in Sources */ = {isa = PBXBuildFile; fileRef = E72EA3432F5703B1007BFC81 /* CheckInRemoteDataStore.swift */; };
		E72EA3462F5703C7007BFC81 /* CheckInRepository.swift in Sources */ = {isa = PBXBuildFile; fileRef = E72EA3452F5703C7007BFC81 /* CheckInRepository.swift */; };
		E72EA3482F57042C007BFC81 /* CheckInRepository+Live.swift in Sources */ = {isa = PBXBuildFile; fileRef = E72EA3472F57042C007BFC81 /* CheckInRepository+Live.swift */; };
		E72EA34A2F570441007BFC81 /* CheckInUseCase.swift in Sources */ = {isa = PBXBuildFile; fileRef = E72EA3492F570441007BFC81 /* CheckInUseCase.swift */; };
		E72EA34C2F570852007BFC81 /* CheckInLocalDataStore.swift in Sources */ = {isa = PBXBuildFile; fileRef = E72EA34B2F570852007BFC81 /* CheckInLocalDataStore.swift */; };
		E72EA34E2F57166E007BFC81 /* PilgrimageRemoteDataStore.swift in Sources */ = {isa = PBXBuildFile; fileRef = E72EA34D2F57166E007BFC81 /* PilgrimageRemoteDataStore.swift */; };
		E72EA3502F571683007BFC81 /* PilgrimageRepository.swift in Sources */ = {isa = PBXBuildFile; fileRef = E72EA34F2F571683007BFC81 /* PilgrimageRepository.swift */; };
		E72EA3522F571698007BFC81 /* PilgrimageRepository+Live.swift in Sources */ = {isa = PBXBuildFile; fileRef = E72EA3512F571698007BFC81 /* PilgrimageRepository+Live.swift */; };
		E72EA3542F5716B2007BFC81 /* AppConfigRemoteDataStore.swift in Sources */ = {isa = PBXBuildFile; fileRef = E72EA3532F5716B2007BFC81 /* AppConfigRemoteDataStore.swift */; };
		E72EA3562F5716C2007BFC81 /* AppConfigRepository.swift in Sources */ = {isa = PBXBuildFile; fileRef = E72EA3552F5716C2007BFC81 /* AppConfigRepository.swift */; };
		E72EA3582F5716D0007BFC81 /* AppConfigRepository+Live.swift in Sources */ = {isa = PBXBuildFile; fileRef = E72EA3572F5716D0007BFC81 /* AppConfigRepository+Live.swift */; };
		E72EA35B2F585C6E007BFC81 /* PilgrimageDTO.swift in Sources */ = {isa = PBXBuildFile; fileRef = E72EA35A2F585C6E007BFC81 /* PilgrimageDTO.swift */; };
		E72EA35E2F585C93007BFC81 /* PilgrimageObject.swift in Sources */ = {isa = PBXBuildFile; fileRef = E72EA35D2F585C93007BFC81 /* PilgrimageObject.swift */; };
		E72EA3602F585CA1007BFC81 /* FavoriteObject.swift in Sources */ = {isa = PBXBuildFile; fileRef = E72EA35F2F585CA1007BFC81 /* FavoriteObject.swift */; };
		E72EA3622F585CAE007BFC81 /* CheckInObject.swift in Sources */ = {isa = PBXBuildFile; fileRef = E72EA3612F585CAE007BFC81 /* CheckInObject.swift */; };
		E72EA3642F585CF2007BFC81 /* SwiftDataClient.swift in Sources */ = {isa = PBXBuildFile; fileRef = E72EA3632F585CF2007BFC81 /* SwiftDataClient.swift */; };
		E72EA3672F585D20007BFC81 /* PilgrimageEntity.swift in Sources */ = {isa = PBXBuildFile; fileRef = E72EA3662F585D20007BFC81 /* PilgrimageEntity.swift */; };
		E72EA36B2F5866D0007BFC81 /* PilgrimageLocalDataStore.swift in Sources */ = {isa = PBXBuildFile; fileRef = E72EA36A2F5866D0007BFC81 /* PilgrimageLocalDataStore.swift */; };
		E72EA36E2F586FEF007BFC81 /* FavoriteMigrationClient.swift in Sources */ = {isa = PBXBuildFile; fileRef = E72EA36D2F586FEF007BFC81 /* FavoriteMigrationClient.swift */; };
		E72EA3702F59B1BB007BFC81 /* AppUpdateInfoDTO.swift in Sources */ = {isa = PBXBuildFile; fileRef = E72EA36F2F59B1BB007BFC81 /* AppUpdateInfoDTO.swift */; };
		E72EA3722F59B2CC007BFC81 /* APIError.swift in Sources */ = {isa = PBXBuildFile; fileRef = E72EA3712F59B2CC007BFC81 /* APIError.swift */; };
		E72EA3752F59C948007BFC81 /* SafariView.swift in Sources */ = {isa = PBXBuildFile; fileRef = E72EA3742F59C948007BFC81 /* SafariView.swift */; };
		E73E09122965C21E00A1204E /* MainView.swift in Sources */ = {isa = PBXBuildFile; fileRef = E73E09112965C21E00A1204E /* MainView.swift */; };
		E73E091B2965C77E00A1204E /* Colors.xcassets in Resources */ = {isa = PBXBuildFile; fileRef = E73E091A2965C77E00A1204E /* Colors.xcassets */; };
		E73E092E2965D18700A1204E /* Localizable.strings in Resources */ = {isa = PBXBuildFile; fileRef = E73E09302965D18700A1204E /* Localizable.strings */; };
		E747728F2D958B0100F659EF /* GoogleMobileAds in Frameworks */ = {isa = PBXBuildFile; productRef = E747728E2D958B0100F659EF /* GoogleMobileAds */; };
		E74772912D95966B00F659EF /* BannerViewContainer.swift in Sources */ = {isa = PBXBuildFile; fileRef = E74772902D95966B00F659EF /* BannerViewContainer.swift */; };
		E74934462959F20E0045AE39 /* nogizaka_pilgrimageApp.swift in Sources */ = {isa = PBXBuildFile; fileRef = E74934452959F20E0045AE39 /* nogizaka_pilgrimageApp.swift */; };
		E749344A2959F2120045AE39 /* Assets.xcassets in Resources */ = {isa = PBXBuildFile; fileRef = E74934492959F2120045AE39 /* Assets.xcassets */; };
		E749344D2959F2120045AE39 /* Preview Assets.xcassets in Resources */ = {isa = PBXBuildFile; fileRef = E749344C2959F2120045AE39 /* Preview Assets.xcassets */; };
		E74934572959F2120045AE39 /* nogizaka_pilgrimageTests.swift in Sources */ = {isa = PBXBuildFile; fileRef = E74934562959F2120045AE39 /* nogizaka_pilgrimageTests.swift */; };
		E74934612959F2120045AE39 /* nogizaka_pilgrimageUITests.swift in Sources */ = {isa = PBXBuildFile; fileRef = E74934602959F2120045AE39 /* nogizaka_pilgrimageUITests.swift */; };
		E74934632959F2120045AE39 /* nogizaka_pilgrimageUITestsLaunchTests.swift in Sources */ = {isa = PBXBuildFile; fileRef = E74934622959F2120045AE39 /* nogizaka_pilgrimageUITestsLaunchTests.swift */; };
		E755E4262F4DD85800EF8E2F /* CheckInViewModel.swift in Sources */ = {isa = PBXBuildFile; fileRef = E755E4252F4DD85800EF8E2F /* CheckInViewModel.swift */; };
		E755E4282F4DD86900EF8E2F /* CheckInView.swift in Sources */ = {isa = PBXBuildFile; fileRef = E755E4272F4DD86900EF8E2F /* CheckInView.swift */; };
		E755E42A2F4DD95C00EF8E2F /* CheckInContentView.swift in Sources */ = {isa = PBXBuildFile; fileRef = E755E4292F4DD95C00EF8E2F /* CheckInContentView.swift */; };
		E757BB042E8AD58500035318 /* ReadableContentGuideModifier.swift in Sources */ = {isa = PBXBuildFile; fileRef = E757BB032E8AD58500035318 /* ReadableContentGuideModifier.swift */; };
		E75907A92AD58F5E009327A8 /* ThemeEnvironmentKey.swift in Sources */ = {isa = PBXBuildFile; fileRef = E75907A82AD58F5E009327A8 /* ThemeEnvironmentKey.swift */; };
		E76BF15E2BD1630C00A1CB97 /* NativeAdvanceViewController.swift in Sources */ = {isa = PBXBuildFile; fileRef = E76BF15D2BD1630C00A1CB97 /* NativeAdvanceViewController.swift */; };
		E76BF1602BD163E800A1CB97 /* NativeAdView.xib in Resources */ = {isa = PBXBuildFile; fileRef = E76BF15F2BD163E800A1CB97 /* NativeAdView.xib */; };
		E76BF1652BD16FE700A1CB97 /* NativeAdvanceView.swift in Sources */ = {isa = PBXBuildFile; fileRef = E76BF1642BD16FE700A1CB97 /* NativeAdvanceView.swift */; };
		E76D0BD42AD557F000D6BB2B /* Theme+BarAppearance.swift in Sources */ = {isa = PBXBuildFile; fileRef = E76D0BD32AD557F000D6BB2B /* Theme+BarAppearance.swift */; };
		E7738FA32BB45AA700C00F2F /* RouteActionClient.swift in Sources */ = {isa = PBXBuildFile; fileRef = E7738FA22BB45AA700C00F2F /* RouteActionClient.swift */; };
		E78276092BAC796000AD16CC /* NetworkMonitor.swift in Sources */ = {isa = PBXBuildFile; fileRef = E78276082BAC796000AD16CC /* NetworkMonitor.swift */; };
		E79045B22B0E088100F0936B /* LocationManager.swift in Sources */ = {isa = PBXBuildFile; fileRef = E79045B12B0E088100F0936B /* LocationManager.swift */; };
		E795AAB52F4DEA390062C9CE /* FavoriteViewModel.swift in Sources */ = {isa = PBXBuildFile; fileRef = E795AAB42F4DEA390062C9CE /* FavoriteViewModel.swift */; };
		E795AAB72F4DEA460062C9CE /* FavoriteView.swift in Sources */ = {isa = PBXBuildFile; fileRef = E795AAB62F4DEA460062C9CE /* FavoriteView.swift */; };
		E795AABC2F4F37830062C9CE /* LaunchViewModel.swift in Sources */ = {isa = PBXBuildFile; fileRef = E795AABB2F4F37830062C9CE /* LaunchViewModel.swift */; };
		E795AABE2F4F37B50062C9CE /* LaunchView.swift in Sources */ = {isa = PBXBuildFile; fileRef = E795AABD2F4F37B50062C9CE /* LaunchView.swift */; };
		E795AAC42F50556B0062C9CE /* PilgrimageDetailViewModel.swift in Sources */ = {isa = PBXBuildFile; fileRef = E795AAC32F50556B0062C9CE /* PilgrimageDetailViewModel.swift */; };
		E795AAC62F5055780062C9CE /* PilgrimageDetailView.swift in Sources */ = {isa = PBXBuildFile; fileRef = E795AAC52F5055780062C9CE /* PilgrimageDetailView.swift */; };
		E795AAC82F50558E0062C9CE /* PilgrimageCardViewModel.swift in Sources */ = {isa = PBXBuildFile; fileRef = E795AAC72F50558E0062C9CE /* PilgrimageCardViewModel.swift */; };
		E795AACA2F50559C0062C9CE /* PilgrimageCardView.swift in Sources */ = {isa = PBXBuildFile; fileRef = E795AAC92F50559C0062C9CE /* PilgrimageCardView.swift */; };
		E795AACC2F5055AA0062C9CE /* PilgrimageListViewModel.swift in Sources */ = {isa = PBXBuildFile; fileRef = E795AACB2F5055AA0062C9CE /* PilgrimageListViewModel.swift */; };
		E795AACE2F5055B40062C9CE /* PilgrimageListView.swift in Sources */ = {isa = PBXBuildFile; fileRef = E795AACD2F5055B40062C9CE /* PilgrimageListView.swift */; };
		E795AAD02F5055BE0062C9CE /* PilgrimageListContentView.swift in Sources */ = {isa = PBXBuildFile; fileRef = E795AACF2F5055BE0062C9CE /* PilgrimageListContentView.swift */; };
		E795AAD42F5055D80062C9CE /* PilgrimageMapView.swift in Sources */ = {isa = PBXBuildFile; fileRef = E795AAD32F5055D80062C9CE /* PilgrimageMapView.swift */; };
		E795AAD62F5055EC0062C9CE /* PilgrimageView.swift in Sources */ = {isa = PBXBuildFile; fileRef = E795AAD52F5055EC0062C9CE /* PilgrimageView.swift */; };
		E795AADA2F51A2AB0062C9CE /* Dependencies in Frameworks */ = {isa = PBXBuildFile; productRef = E795AAD92F51A2AB0062C9CE /* Dependencies */; };
		E795AADC2F51A2AB0062C9CE /* DependenciesMacros in Frameworks */ = {isa = PBXBuildFile; productRef = E795AADB2F51A2AB0062C9CE /* DependenciesMacros */; };
		E795AAF12F54A0000062C9CE /* AppLogger in Frameworks */ = {isa = PBXBuildFile; productRef = E795AAF22F54A0000062C9CE /* AppLogger */; };
		E79D8C922E43859C006170C3 /* ClusterMapView.swift in Sources */ = {isa = PBXBuildFile; fileRef = E79D8C912E43859C006170C3 /* ClusterMapView.swift */; };
		E79D8C982E438635006170C3 /* PilgrimageAnnotation.swift in Sources */ = {isa = PBXBuildFile; fileRef = E79D8C972E438635006170C3 /* PilgrimageAnnotation.swift */; };
		E7A7902B2F701DB20061403A /* MapCameraCommand.swift in Sources */ = {isa = PBXBuildFile; fileRef = E7A7902A2F701DB20061403A /* MapCameraCommand.swift */; };
		E7A7902D2F701E1C0061403A /* ClusterMapViewCoordinator.swift in Sources */ = {isa = PBXBuildFile; fileRef = E7A7902C2F701E1C0061403A /* ClusterMapViewCoordinator.swift */; };
		E7A7902F2F7023F50061403A /* PilgrimageMapViewModel.swift in Sources */ = {isa = PBXBuildFile; fileRef = E7A7902E2F7023F50061403A /* PilgrimageMapViewModel.swift */; };
		E7A790362F7024600061403A /* PilgrimageMapViewModelTests.swift in Sources */ = {isa = PBXBuildFile; fileRef = E7A790352F7024600061403A /* PilgrimageMapViewModelTests.swift */; };
		E7A964102BE291AB005338F3 /* GoogleService-Info.plist in Resources */ = {isa = PBXBuildFile; fileRef = E7A9640F2BE291AB005338F3 /* GoogleService-Info.plist */; };
		E7B931432F46053A00B94C75 /* IconLicenseView.swift in Sources */ = {isa = PBXBuildFile; fileRef = E7B931412F46053A00B94C75 /* IconLicenseView.swift */; };
		E7B931462F473AA900B94C75 /* MenuViewModel.swift in Sources */ = {isa = PBXBuildFile; fileRef = E7B931452F473AA900B94C75 /* MenuViewModel.swift */; };
		E7B931482F4749AB00B94C75 /* MenuView.swift in Sources */ = {isa = PBXBuildFile; fileRef = E7B931472F4749AB00B94C75 /* MenuView.swift */; };
		E7B9CD572B8E26E9003FAB19 /* FirebaseAnalytics in Frameworks */ = {isa = PBXBuildFile; productRef = E7B9CD562B8E26E9003FAB19 /* FirebaseAnalytics */; };
		E7B9CD592B8E26E9003FAB19 /* FirebaseFirestore in Frameworks */ = {isa = PBXBuildFile; productRef = E7B9CD582B8E26E9003FAB19 /* FirebaseFirestore */; };
		E7BB04142F5B25A8008EFAAE /* LocalizedStringResource+Keys.swift in Sources */ = {isa = PBXBuildFile; fileRef = E7BB04132F5B25A8008EFAAE /* LocalizedStringResource+Keys.swift */; };
		E7C72A662E5F517300FC2378 /* CustomDump in Frameworks */ = {isa = PBXBuildFile; productRef = E7C72A652E5F517300FC2378 /* CustomDump */; };
		E7F4023E2F60555500226464 /* NukeUI in Frameworks */ = {isa = PBXBuildFile; productRef = E7F4023D2F60555500226464 /* NukeUI */; };
		E7FDAA042ADFEB7E0056AA5B /* PilgrimageMapConstant.swift in Sources */ = {isa = PBXBuildFile; fileRef = E7FDAA032ADFEB7E0056AA5B /* PilgrimageMapConstant.swift */; };
		E7FDAA062AE029190056AA5B /* CurrentLocationButton.swift in Sources */ = {isa = PBXBuildFile; fileRef = E7FDAA052AE029190056AA5B /* CurrentLocationButton.swift */; };
		E7FDAA112AE177CB0056AA5B /* UIColorExtension.swift in Sources */ = {isa = PBXBuildFile; fileRef = E7FDAA102AE177CB0056AA5B /* UIColorExtension.swift */; };
		E7FDAA172AE230310056AA5B /* UINavigationControllerExtension.swift in Sources */ = {isa = PBXBuildFile; fileRef = E7FDAA162AE230310056AA5B /* UINavigationControllerExtension.swift */; };
/* End PBXBuildFile section */

/* Begin PBXContainerItemProxy section */
		E74934532959F2120045AE39 /* PBXContainerItemProxy */ = {
			isa = PBXContainerItemProxy;
			containerPortal = E749343A2959F20E0045AE39 /* Project object */;
			proxyType = 1;
			remoteGlobalIDString = E74934412959F20E0045AE39;
			remoteInfo = "nogizaka-pilgrimage";
		};
		E749345D2959F2120045AE39 /* PBXContainerItemProxy */ = {
			isa = PBXContainerItemProxy;
			containerPortal = E749343A2959F20E0045AE39 /* Project object */;
			proxyType = 1;
			remoteGlobalIDString = E74934412959F20E0045AE39;
			remoteInfo = "nogizaka-pilgrimage";
		};
/* End PBXContainerItemProxy section */

/* Begin PBXFileReference section */
		E71A82782BE200B700C16FEE /* BuildClient.swift */ = {isa = PBXFileReference; lastKnownFileType = sourcecode.swift; path = BuildClient.swift; sourceTree = "<group>"; };
		E7235A71297D75D500E1339A /* Theme.swift */ = {isa = PBXFileReference; lastKnownFileType = sourcecode.swift; path = Theme.swift; sourceTree = "<group>"; };
		E72505702BB710F6002BFB34 /* Info.plist */ = {isa = PBXFileReference; lastKnownFileType = text.plist; path = Info.plist; sourceTree = "<group>"; };
		E72505722BB716EB002BFB34 /* BannerViewControllerWidthDelegate.swift */ = {isa = PBXFileReference; lastKnownFileType = sourcecode.swift; path = BannerViewControllerWidthDelegate.swift; sourceTree = "<group>"; };
		E72505742BB71786002BFB34 /* BannerViewController.swift */ = {isa = PBXFileReference; lastKnownFileType = sourcecode.swift; path = BannerViewController.swift; sourceTree = "<group>"; };
		E72EA33A2F55E7A3007BFC81 /* FavoriteLocalDataStore.swift */ = {isa = PBXFileReference; lastKnownFileType = sourcecode.swift; path = FavoriteLocalDataStore.swift; sourceTree = "<group>"; };
		E72EA33C2F55E7B4007BFC81 /* FavoriteRemoteDataStore.swift */ = {isa = PBXFileReference; lastKnownFileType = sourcecode.swift; path = FavoriteRemoteDataStore.swift; sourceTree = "<group>"; };
		E72EA33E2F55E7D2007BFC81 /* FavoriteRepository.swift */ = {isa = PBXFileReference; lastKnownFileType = sourcecode.swift; path = FavoriteRepository.swift; sourceTree = "<group>"; };
		E72EA3402F55E7DF007BFC81 /* FavoriteRepository+Live.swift */ = {isa = PBXFileReference; lastKnownFileType = sourcecode.swift; path = "FavoriteRepository+Live.swift"; sourceTree = "<group>"; };
		E72EA3432F5703B1007BFC81 /* CheckInRemoteDataStore.swift */ = {isa = PBXFileReference; lastKnownFileType = sourcecode.swift; path = CheckInRemoteDataStore.swift; sourceTree = "<group>"; };
		E72EA3452F5703C7007BFC81 /* CheckInRepository.swift */ = {isa = PBXFileReference; lastKnownFileType = sourcecode.swift; path = CheckInRepository.swift; sourceTree = "<group>"; };
		E72EA3472F57042C007BFC81 /* CheckInRepository+Live.swift */ = {isa = PBXFileReference; lastKnownFileType = sourcecode.swift; path = "CheckInRepository+Live.swift"; sourceTree = "<group>"; };
		E72EA3492F570441007BFC81 /* CheckInUseCase.swift */ = {isa = PBXFileReference; lastKnownFileType = sourcecode.swift; path = CheckInUseCase.swift; sourceTree = "<group>"; };
		E72EA34B2F570852007BFC81 /* CheckInLocalDataStore.swift */ = {isa = PBXFileReference; lastKnownFileType = sourcecode.swift; path = CheckInLocalDataStore.swift; sourceTree = "<group>"; };
		E72EA34D2F57166E007BFC81 /* PilgrimageRemoteDataStore.swift */ = {isa = PBXFileReference; lastKnownFileType = sourcecode.swift; path = PilgrimageRemoteDataStore.swift; sourceTree = "<group>"; };
		E72EA34F2F571683007BFC81 /* PilgrimageRepository.swift */ = {isa = PBXFileReference; lastKnownFileType = sourcecode.swift; path = PilgrimageRepository.swift; sourceTree = "<group>"; };
		E72EA3512F571698007BFC81 /* PilgrimageRepository+Live.swift */ = {isa = PBXFileReference; lastKnownFileType = sourcecode.swift; path = "PilgrimageRepository+Live.swift"; sourceTree = "<group>"; };
		E72EA3532F5716B2007BFC81 /* AppConfigRemoteDataStore.swift */ = {isa = PBXFileReference; lastKnownFileType = sourcecode.swift; path = AppConfigRemoteDataStore.swift; sourceTree = "<group>"; };
		E72EA3552F5716C2007BFC81 /* AppConfigRepository.swift */ = {isa = PBXFileReference; lastKnownFileType = sourcecode.swift; path = AppConfigRepository.swift; sourceTree = "<group>"; };
		E72EA3572F5716D0007BFC81 /* AppConfigRepository+Live.swift */ = {isa = PBXFileReference; lastKnownFileType = sourcecode.swift; path = "AppConfigRepository+Live.swift"; sourceTree = "<group>"; };
		E72EA35A2F585C6E007BFC81 /* PilgrimageDTO.swift */ = {isa = PBXFileReference; lastKnownFileType = sourcecode.swift; path = PilgrimageDTO.swift; sourceTree = "<group>"; };
		E72EA35D2F585C93007BFC81 /* PilgrimageObject.swift */ = {isa = PBXFileReference; lastKnownFileType = sourcecode.swift; path = PilgrimageObject.swift; sourceTree = "<group>"; };
		E72EA35F2F585CA1007BFC81 /* FavoriteObject.swift */ = {isa = PBXFileReference; lastKnownFileType = sourcecode.swift; path = FavoriteObject.swift; sourceTree = "<group>"; };
		E72EA3612F585CAE007BFC81 /* CheckInObject.swift */ = {isa = PBXFileReference; lastKnownFileType = sourcecode.swift; path = CheckInObject.swift; sourceTree = "<group>"; };
		E72EA3632F585CF2007BFC81 /* SwiftDataClient.swift */ = {isa = PBXFileReference; lastKnownFileType = sourcecode.swift; path = SwiftDataClient.swift; sourceTree = "<group>"; };
		E72EA3662F585D20007BFC81 /* PilgrimageEntity.swift */ = {isa = PBXFileReference; lastKnownFileType = sourcecode.swift; path = PilgrimageEntity.swift; sourceTree = "<group>"; };
		E72EA36A2F5866D0007BFC81 /* PilgrimageLocalDataStore.swift */ = {isa = PBXFileReference; lastKnownFileType = sourcecode.swift; path = PilgrimageLocalDataStore.swift; sourceTree = "<group>"; };
		E72EA36D2F586FEF007BFC81 /* FavoriteMigrationClient.swift */ = {isa = PBXFileReference; lastKnownFileType = sourcecode.swift; path = FavoriteMigrationClient.swift; sourceTree = "<group>"; };
		E72EA36F2F59B1BB007BFC81 /* AppUpdateInfoDTO.swift */ = {isa = PBXFileReference; lastKnownFileType = sourcecode.swift; path = AppUpdateInfoDTO.swift; sourceTree = "<group>"; };
		E72EA3712F59B2CC007BFC81 /* APIError.swift */ = {isa = PBXFileReference; lastKnownFileType = sourcecode.swift; path = APIError.swift; sourceTree = "<group>"; };
		E72EA3742F59C948007BFC81 /* SafariView.swift */ = {isa = PBXFileReference; lastKnownFileType = sourcecode.swift; path = SafariView.swift; sourceTree = "<group>"; };
		E73E09112965C21E00A1204E /* MainView.swift */ = {isa = PBXFileReference; lastKnownFileType = sourcecode.swift; path = MainView.swift; sourceTree = "<group>"; };
		E73E091A2965C77E00A1204E /* Colors.xcassets */ = {isa = PBXFileReference; lastKnownFileType = folder.assetcatalog; path = Colors.xcassets; sourceTree = "<group>"; };
		E73E092F2965D18700A1204E /* ja */ = {isa = PBXFileReference; lastKnownFileType = text.plist.strings; name = ja; path = ja.lproj/Localizable.strings; sourceTree = "<group>"; };
		E74772902D95966B00F659EF /* BannerViewContainer.swift */ = {isa = PBXFileReference; lastKnownFileType = sourcecode.swift; path = BannerViewContainer.swift; sourceTree = "<group>"; };
		E74934422959F20E0045AE39 /* nogizaka-pilgrimage.app */ = {isa = PBXFileReference; explicitFileType = wrapper.application; includeInIndex = 0; path = "nogizaka-pilgrimage.app"; sourceTree = BUILT_PRODUCTS_DIR; };
		E74934452959F20E0045AE39 /* nogizaka_pilgrimageApp.swift */ = {isa = PBXFileReference; lastKnownFileType = sourcecode.swift; path = nogizaka_pilgrimageApp.swift; sourceTree = "<group>"; };
		E74934492959F2120045AE39 /* Assets.xcassets */ = {isa = PBXFileReference; lastKnownFileType = folder.assetcatalog; path = Assets.xcassets; sourceTree = "<group>"; };
		E749344C2959F2120045AE39 /* Preview Assets.xcassets */ = {isa = PBXFileReference; lastKnownFileType = folder.assetcatalog; path = "Preview Assets.xcassets"; sourceTree = "<group>"; };
		E74934522959F2120045AE39 /* nogizaka-pilgrimageTests.xctest */ = {isa = PBXFileReference; explicitFileType = wrapper.cfbundle; includeInIndex = 0; path = "nogizaka-pilgrimageTests.xctest"; sourceTree = BUILT_PRODUCTS_DIR; };
		E74934562959F2120045AE39 /* nogizaka_pilgrimageTests.swift */ = {isa = PBXFileReference; lastKnownFileType = sourcecode.swift; path = nogizaka_pilgrimageTests.swift; sourceTree = "<group>"; };
		E749345C2959F2120045AE39 /* nogizaka-pilgrimageUITests.xctest */ = {isa = PBXFileReference; explicitFileType = wrapper.cfbundle; includeInIndex = 0; path = "nogizaka-pilgrimageUITests.xctest"; sourceTree = BUILT_PRODUCTS_DIR; };
		E74934602959F2120045AE39 /* nogizaka_pilgrimageUITests.swift */ = {isa = PBXFileReference; lastKnownFileType = sourcecode.swift; path = nogizaka_pilgrimageUITests.swift; sourceTree = "<group>"; };
		E74934622959F2120045AE39 /* nogizaka_pilgrimageUITestsLaunchTests.swift */ = {isa = PBXFileReference; lastKnownFileType = sourcecode.swift; path = nogizaka_pilgrimageUITestsLaunchTests.swift; sourceTree = "<group>"; };
		E755E4252F4DD85800EF8E2F /* CheckInViewModel.swift */ = {isa = PBXFileReference; lastKnownFileType = sourcecode.swift; path = CheckInViewModel.swift; sourceTree = "<group>"; };
		E755E4272F4DD86900EF8E2F /* CheckInView.swift */ = {isa = PBXFileReference; lastKnownFileType = sourcecode.swift; path = CheckInView.swift; sourceTree = "<group>"; };
		E755E4292F4DD95C00EF8E2F /* CheckInContentView.swift */ = {isa = PBXFileReference; lastKnownFileType = sourcecode.swift; path = CheckInContentView.swift; sourceTree = "<group>"; };
		E757BB032E8AD58500035318 /* ReadableContentGuideModifier.swift */ = {isa = PBXFileReference; lastKnownFileType = sourcecode.swift; path = ReadableContentGuideModifier.swift; sourceTree = "<group>"; };
		E75907A82AD58F5E009327A8 /* ThemeEnvironmentKey.swift */ = {isa = PBXFileReference; lastKnownFileType = sourcecode.swift; path = ThemeEnvironmentKey.swift; sourceTree = "<group>"; };
		E76BF15D2BD1630C00A1CB97 /* NativeAdvanceViewController.swift */ = {isa = PBXFileReference; lastKnownFileType = sourcecode.swift; path = NativeAdvanceViewController.swift; sourceTree = "<group>"; };
		E76BF15F2BD163E800A1CB97 /* NativeAdView.xib */ = {isa = PBXFileReference; lastKnownFileType = file.xib; path = NativeAdView.xib; sourceTree = "<group>"; };
		E76BF1642BD16FE700A1CB97 /* NativeAdvanceView.swift */ = {isa = PBXFileReference; lastKnownFileType = sourcecode.swift; path = NativeAdvanceView.swift; sourceTree = "<group>"; };
		E76D0BD32AD557F000D6BB2B /* Theme+BarAppearance.swift */ = {isa = PBXFileReference; lastKnownFileType = sourcecode.swift; path = "Theme+BarAppearance.swift"; sourceTree = "<group>"; };
		E7738FA22BB45AA700C00F2F /* RouteActionClient.swift */ = {isa = PBXFileReference; lastKnownFileType = sourcecode.swift; path = RouteActionClient.swift; sourceTree = "<group>"; };
		E78276082BAC796000AD16CC /* NetworkMonitor.swift */ = {isa = PBXFileReference; lastKnownFileType = sourcecode.swift; path = NetworkMonitor.swift; sourceTree = "<group>"; };
		E79045B12B0E088100F0936B /* LocationManager.swift */ = {isa = PBXFileReference; lastKnownFileType = sourcecode.swift; path = LocationManager.swift; sourceTree = "<group>"; };
		E795AAB42F4DEA390062C9CE /* FavoriteViewModel.swift */ = {isa = PBXFileReference; lastKnownFileType = sourcecode.swift; path = FavoriteViewModel.swift; sourceTree = "<group>"; };
		E795AAB62F4DEA460062C9CE /* FavoriteView.swift */ = {isa = PBXFileReference; lastKnownFileType = sourcecode.swift; path = FavoriteView.swift; sourceTree = "<group>"; };
		E795AABB2F4F37830062C9CE /* LaunchViewModel.swift */ = {isa = PBXFileReference; lastKnownFileType = sourcecode.swift; path = LaunchViewModel.swift; sourceTree = "<group>"; };
		E795AABD2F4F37B50062C9CE /* LaunchView.swift */ = {isa = PBXFileReference; lastKnownFileType = sourcecode.swift; path = LaunchView.swift; sourceTree = "<group>"; };
		E795AAC32F50556B0062C9CE /* PilgrimageDetailViewModel.swift */ = {isa = PBXFileReference; lastKnownFileType = sourcecode.swift; path = PilgrimageDetailViewModel.swift; sourceTree = "<group>"; };
		E795AAC52F5055780062C9CE /* PilgrimageDetailView.swift */ = {isa = PBXFileReference; lastKnownFileType = sourcecode.swift; path = PilgrimageDetailView.swift; sourceTree = "<group>"; };
		E795AAC72F50558E0062C9CE /* PilgrimageCardViewModel.swift */ = {isa = PBXFileReference; lastKnownFileType = sourcecode.swift; path = PilgrimageCardViewModel.swift; sourceTree = "<group>"; };
		E795AAC92F50559C0062C9CE /* PilgrimageCardView.swift */ = {isa = PBXFileReference; lastKnownFileType = sourcecode.swift; path = PilgrimageCardView.swift; sourceTree = "<group>"; };
		E795AACB2F5055AA0062C9CE /* PilgrimageListViewModel.swift */ = {isa = PBXFileReference; lastKnownFileType = sourcecode.swift; path = PilgrimageListViewModel.swift; sourceTree = "<group>"; };
		E795AACD2F5055B40062C9CE /* PilgrimageListView.swift */ = {isa = PBXFileReference; lastKnownFileType = sourcecode.swift; path = PilgrimageListView.swift; sourceTree = "<group>"; };
		E795AACF2F5055BE0062C9CE /* PilgrimageListContentView.swift */ = {isa = PBXFileReference; lastKnownFileType = sourcecode.swift; path = PilgrimageListContentView.swift; sourceTree = "<group>"; };
		E795AAD32F5055D80062C9CE /* PilgrimageMapView.swift */ = {isa = PBXFileReference; lastKnownFileType = sourcecode.swift; path = PilgrimageMapView.swift; sourceTree = "<group>"; };
		E795AAD52F5055EC0062C9CE /* PilgrimageView.swift */ = {isa = PBXFileReference; lastKnownFileType = sourcecode.swift; path = PilgrimageView.swift; sourceTree = "<group>"; };
		E795AADE2F5491010062C9CE /* Package.swift */ = {isa = PBXFileReference; lastKnownFileType = sourcecode.swift; path = Package.swift; sourceTree = "<group>"; };
		E795AAE72F5492EA0062C9CE /* LogMacro.swift */ = {isa = PBXFileReference; lastKnownFileType = sourcecode.swift; path = LogMacro.swift; sourceTree = "<group>"; };
		E795AAE92F5492F40062C9CE /* LogLevel.swift */ = {isa = PBXFileReference; lastKnownFileType = sourcecode.swift; path = LogLevel.swift; sourceTree = "<group>"; };
		E795AAEB2F5493000062C9CE /* LogMacroPlugin.swift */ = {isa = PBXFileReference; lastKnownFileType = sourcecode.swift; path = LogMacroPlugin.swift; sourceTree = "<group>"; };
		E795AAEE2F5493210062C9CE /* LogMacroTests.swift */ = {isa = PBXFileReference; lastKnownFileType = sourcecode.swift; path = LogMacroTests.swift; sourceTree = "<group>"; };
		E79D8C912E43859C006170C3 /* ClusterMapView.swift */ = {isa = PBXFileReference; lastKnownFileType = sourcecode.swift; path = ClusterMapView.swift; sourceTree = "<group>"; };
		E79D8C972E438635006170C3 /* PilgrimageAnnotation.swift */ = {isa = PBXFileReference; lastKnownFileType = sourcecode.swift; path = PilgrimageAnnotation.swift; sourceTree = "<group>"; };
		E7A7902A2F701DB20061403A /* MapCameraCommand.swift */ = {isa = PBXFileReference; lastKnownFileType = sourcecode.swift; path = MapCameraCommand.swift; sourceTree = "<group>"; };
		E7A7902C2F701E1C0061403A /* ClusterMapViewCoordinator.swift */ = {isa = PBXFileReference; lastKnownFileType = sourcecode.swift; path = ClusterMapViewCoordinator.swift; sourceTree = "<group>"; };
		E7A7902E2F7023F50061403A /* PilgrimageMapViewModel.swift */ = {isa = PBXFileReference; lastKnownFileType = sourcecode.swift; path = PilgrimageMapViewModel.swift; sourceTree = "<group>"; };
		E7A790352F7024600061403A /* PilgrimageMapViewModelTests.swift */ = {isa = PBXFileReference; lastKnownFileType = sourcecode.swift; path = PilgrimageMapViewModelTests.swift; sourceTree = "<group>"; };
		E7A9640F2BE291AB005338F3 /* GoogleService-Info.plist */ = {isa = PBXFileReference; fileEncoding = 4; lastKnownFileType = text.plist.xml; path = "GoogleService-Info.plist"; sourceTree = "<group>"; };
		E7B931412F46053A00B94C75 /* IconLicenseView.swift */ = {isa = PBXFileReference; lastKnownFileType = sourcecode.swift; path = IconLicenseView.swift; sourceTree = "<group>"; };
		E7B931452F473AA900B94C75 /* MenuViewModel.swift */ = {isa = PBXFileReference; lastKnownFileType = sourcecode.swift; path = MenuViewModel.swift; sourceTree = "<group>"; };
		E7B931472F4749AB00B94C75 /* MenuView.swift */ = {isa = PBXFileReference; lastKnownFileType = sourcecode.swift; path = MenuView.swift; sourceTree = "<group>"; };
		E7BB04132F5B25A8008EFAAE /* LocalizedStringResource+Keys.swift */ = {isa = PBXFileReference; lastKnownFileType = sourcecode.swift; path = "LocalizedStringResource+Keys.swift"; sourceTree = "<group>"; };
		E7FDAA032ADFEB7E0056AA5B /* PilgrimageMapConstant.swift */ = {isa = PBXFileReference; lastKnownFileType = sourcecode.swift; path = PilgrimageMapConstant.swift; sourceTree = "<group>"; };
		E7FDAA052AE029190056AA5B /* CurrentLocationButton.swift */ = {isa = PBXFileReference; lastKnownFileType = sourcecode.swift; path = CurrentLocationButton.swift; sourceTree = "<group>"; };
		E7FDAA102AE177CB0056AA5B /* UIColorExtension.swift */ = {isa = PBXFileReference; lastKnownFileType = sourcecode.swift; path = UIColorExtension.swift; sourceTree = "<group>"; };
		E7FDAA162AE230310056AA5B /* UINavigationControllerExtension.swift */ = {isa = PBXFileReference; lastKnownFileType = sourcecode.swift; path = UINavigationControllerExtension.swift; sourceTree = "<group>"; };
/* End PBXFileReference section */

/* Begin PBXFrameworksBuildPhase section */
		E749343F2959F20E0045AE39 /* Frameworks */ = {
			isa = PBXFrameworksBuildPhase;
			buildActionMask = 2147483647;
			files = (
				E795AAF12F54A0000062C9CE /* AppLogger in Frameworks */,
				E747728F2D958B0100F659EF /* GoogleMobileAds in Frameworks */,
				E7B9CD592B8E26E9003FAB19 /* FirebaseFirestore in Frameworks */,
				E7C72A662E5F517300FC2378 /* CustomDump in Frameworks */,
				E795AADA2F51A2AB0062C9CE /* Dependencies in Frameworks */,
				E710931D2BE13DAA005482F7 /* LicenseList in Frameworks */,
				E7F4023E2F60555500226464 /* NukeUI in Frameworks */,
				E795AADC2F51A2AB0062C9CE /* DependenciesMacros in Frameworks */,
				E7B9CD572B8E26E9003FAB19 /* FirebaseAnalytics in Frameworks */,
			);
			runOnlyForDeploymentPostprocessing = 0;
		};
		E749344F2959F2120045AE39 /* Frameworks */ = {
			isa = PBXFrameworksBuildPhase;
			buildActionMask = 2147483647;
			files = (
			);
			runOnlyForDeploymentPostprocessing = 0;
		};
		E74934592959F2120045AE39 /* Frameworks */ = {
			isa = PBXFrameworksBuildPhase;
			buildActionMask = 2147483647;
			files = (
			);
			runOnlyForDeploymentPostprocessing = 0;
		};
/* End PBXFrameworksBuildPhase section */

/* Begin PBXGroup section */
		E7178E832B073863008C85A3 /* Feature */ = {
			isa = PBXGroup;
			children = (
				E795AABF2F5055160062C9CE /* Pilgrimage */,
				E795AAB82F4F372E0062C9CE /* Launch */,
				E795AAB32F4DEA2C0062C9CE /* Favorite */,
				E755E4242F4DD84800EF8E2F /* CheckIn */,
				E7B931442F473A9700B94C75 /* Menu */,
				E7B931422F46053A00B94C75 /* IconLicense */,
				E73E09102965C20600A1204E /* Main */,
			);
			path = Feature;
			sourceTree = "<group>";
		};
		E7235A70297D75B000E1339A /* Utility */ = {
			isa = PBXGroup;
			children = (
				E72EA3732F59B632007BFC81 /* Advertisement */,
				E7235A71297D75D500E1339A /* Theme.swift */,
				E76D0BD32AD557F000D6BB2B /* Theme+BarAppearance.swift */,
				E75907A82AD58F5E009327A8 /* ThemeEnvironmentKey.swift */,
				E79045B12B0E088100F0936B /* LocationManager.swift */,
				E78276082BAC796000AD16CC /* NetworkMonitor.swift */,
				E7738FA22BB45AA700C00F2F /* RouteActionClient.swift */,
				E71A82782BE200B700C16FEE /* BuildClient.swift */,
				E757BB032E8AD58500035318 /* ReadableContentGuideModifier.swift */,
				E72EA3742F59C948007BFC81 /* SafariView.swift */,
			);
			path = Utility;
			sourceTree = "<group>";
		};
		E72505712BB716D0002BFB34 /* Banner */ = {
			isa = PBXGroup;
			children = (
				E72505722BB716EB002BFB34 /* BannerViewControllerWidthDelegate.swift */,
				E72505742BB71786002BFB34 /* BannerViewController.swift */,
				E74772902D95966B00F659EF /* BannerViewContainer.swift */,
			);
			path = Banner;
			sourceTree = "<group>";
		};
		E72EA3332F55D514007BFC81 /* Repository */ = {
			isa = PBXGroup;
			children = (
				E72EA3402F55E7DF007BFC81 /* FavoriteRepository+Live.swift */,
				E72EA3472F57042C007BFC81 /* CheckInRepository+Live.swift */,
				E72EA3512F571698007BFC81 /* PilgrimageRepository+Live.swift */,
				E72EA3572F5716D0007BFC81 /* AppConfigRepository+Live.swift */,
			);
			path = Repository;
			sourceTree = "<group>";
		};
		E72EA3342F55D514007BFC81 /* Data */ = {
			isa = PBXGroup;
			children = (
				E72EA36C2F586FE4007BFC81 /* Migration */,
				E72EA3592F585C5B007BFC81 /* DTO */,
				E72EA3372F55E75A007BFC81 /* DataStore */,
				E72EA3332F55D514007BFC81 /* Repository */,
			);
			path = Data;
			sourceTree = "<group>";
		};
		E72EA3352F55D530007BFC81 /* RepositoryProtocol */ = {
			isa = PBXGroup;
			children = (
				E72EA33E2F55E7D2007BFC81 /* FavoriteRepository.swift */,
				E72EA3452F5703C7007BFC81 /* CheckInRepository.swift */,
				E72EA34F2F571683007BFC81 /* PilgrimageRepository.swift */,
				E72EA3552F5716C2007BFC81 /* AppConfigRepository.swift */,
			);
			path = RepositoryProtocol;
			sourceTree = "<group>";
		};
		E72EA3362F55D530007BFC81 /* Domain */ = {
			isa = PBXGroup;
			children = (
				E72EA3652F585D12007BFC81 /* Entity */,
				E72EA3352F55D530007BFC81 /* RepositoryProtocol */,
				E72EA3422F57037A007BFC81 /* UseCase */,
			);
			path = Domain;
			sourceTree = "<group>";
		};
		E72EA3372F55E75A007BFC81 /* DataStore */ = {
			isa = PBXGroup;
			children = (
				E72EA3382F55E76C007BFC81 /* Local */,
				E72EA3392F55E77E007BFC81 /* Remote */,
			);
			path = DataStore;
			sourceTree = "<group>";
		};
		E72EA3382F55E76C007BFC81 /* Local */ = {
			isa = PBXGroup;
			children = (
				E72EA33A2F55E7A3007BFC81 /* FavoriteLocalDataStore.swift */,
				E72EA34B2F570852007BFC81 /* CheckInLocalDataStore.swift */,
				E72EA36A2F5866D0007BFC81 /* PilgrimageLocalDataStore.swift */,
				E72EA3632F585CF2007BFC81 /* SwiftDataClient.swift */,
				E72EA35C2F585C7F007BFC81 /* Object */,
			);
			path = Local;
			sourceTree = "<group>";
		};
		E72EA3392F55E77E007BFC81 /* Remote */ = {
			isa = PBXGroup;
			children = (
				E72EA33C2F55E7B4007BFC81 /* FavoriteRemoteDataStore.swift */,
				E72EA3432F5703B1007BFC81 /* CheckInRemoteDataStore.swift */,
				E72EA34D2F57166E007BFC81 /* PilgrimageRemoteDataStore.swift */,
				E72EA3532F5716B2007BFC81 /* AppConfigRemoteDataStore.swift */,
			);
			path = Remote;
			sourceTree = "<group>";
		};
		E72EA3422F57037A007BFC81 /* UseCase */ = {
			isa = PBXGroup;
			children = (
				E72EA3492F570441007BFC81 /* CheckInUseCase.swift */,
			);
			path = UseCase;
			sourceTree = "<group>";
		};
		E72EA3592F585C5B007BFC81 /* DTO */ = {
			isa = PBXGroup;
			children = (
				E72EA35A2F585C6E007BFC81 /* PilgrimageDTO.swift */,
				E72EA36F2F59B1BB007BFC81 /* AppUpdateInfoDTO.swift */,
			);
			path = DTO;
			sourceTree = "<group>";
		};
		E72EA35C2F585C7F007BFC81 /* Object */ = {
			isa = PBXGroup;
			children = (
				E72EA35D2F585C93007BFC81 /* PilgrimageObject.swift */,
				E72EA35F2F585CA1007BFC81 /* FavoriteObject.swift */,
				E72EA3612F585CAE007BFC81 /* CheckInObject.swift */,
			);
			path = Object;
			sourceTree = "<group>";
		};
		E72EA3652F585D12007BFC81 /* Entity */ = {
			isa = PBXGroup;
			children = (
				E72EA3662F585D20007BFC81 /* PilgrimageEntity.swift */,
				E72EA3712F59B2CC007BFC81 /* APIError.swift */,
			);
			path = Entity;
			sourceTree = "<group>";
		};
		E72EA36C2F586FE4007BFC81 /* Migration */ = {
			isa = PBXGroup;
			children = (
				E72EA36D2F586FEF007BFC81 /* FavoriteMigrationClient.swift */,
			);
			path = Migration;
			sourceTree = "<group>";
		};
		E72EA3732F59B632007BFC81 /* Advertisement */ = {
			isa = PBXGroup;
			children = (
				E72505712BB716D0002BFB34 /* Banner */,
				E76BF15C2BD162C200A1CB97 /* NativeAdvance */,
			);
			path = Advertisement;
			sourceTree = "<group>";
		};
		E73E09102965C20600A1204E /* Main */ = {
			isa = PBXGroup;
			children = (
				E73E09112965C21E00A1204E /* MainView.swift */,
			);
			path = Main;
			sourceTree = "<group>";
		};
		E73E091C2965CA0A00A1204E /* Resource */ = {
			isa = PBXGroup;
			children = (
				E74934492959F2120045AE39 /* Assets.xcassets */,
				E73E091A2965C77E00A1204E /* Colors.xcassets */,
				E73E09302965D18700A1204E /* Localizable.strings */,
				E7BB04132F5B25A8008EFAAE /* LocalizedStringResource+Keys.swift */,
			);
			path = Resource;
			sourceTree = "<group>";
		};
		E74934392959F20E0045AE39 = {
			isa = PBXGroup;
			children = (
				E795AADD2F5490D80062C9CE /* AppLoggerMacro */,
				E74934442959F20E0045AE39 /* nogizaka-pilgrimage */,
				E74934552959F2120045AE39 /* nogizaka-pilgrimageTests */,
				E749345F2959F2120045AE39 /* nogizaka-pilgrimageUITests */,
				E74934432959F20E0045AE39 /* Products */,
				E7FD73D52959FDD000347BA4 /* Frameworks */,
			);
			sourceTree = "<group>";
		};
		E74934432959F20E0045AE39 /* Products */ = {
			isa = PBXGroup;
			children = (
				E74934422959F20E0045AE39 /* nogizaka-pilgrimage.app */,
				E74934522959F2120045AE39 /* nogizaka-pilgrimageTests.xctest */,
				E749345C2959F2120045AE39 /* nogizaka-pilgrimageUITests.xctest */,
			);
			name = Products;
			sourceTree = "<group>";
		};
		E74934442959F20E0045AE39 /* nogizaka-pilgrimage */ = {
			isa = PBXGroup;
			children = (
				E72505702BB710F6002BFB34 /* Info.plist */,
				E7B9CD502B8E2586003FAB19 /* Enviroment */,
				E74934452959F20E0045AE39 /* nogizaka_pilgrimageApp.swift */,
				E7FDAA0D2AE177140056AA5B /* Extension */,
				E7235A70297D75B000E1339A /* Utility */,
				E72EA3342F55D514007BFC81 /* Data */,
				E72EA3362F55D530007BFC81 /* Domain */,
				E7178E832B073863008C85A3 /* Feature */,
				E73E091C2965CA0A00A1204E /* Resource */,
				E749344B2959F2120045AE39 /* Preview Content */,
			);
			path = "nogizaka-pilgrimage";
			sourceTree = "<group>";
		};
		E749344B2959F2120045AE39 /* Preview Content */ = {
			isa = PBXGroup;
			children = (
				E749344C2959F2120045AE39 /* Preview Assets.xcassets */,
			);
			path = "Preview Content";
			sourceTree = "<group>";
		};
		E74934552959F2120045AE39 /* nogizaka-pilgrimageTests */ = {
			isa = PBXGroup;
			children = (
				E7A790302F7024120061403A /* Feature */,
				E74934562959F2120045AE39 /* nogizaka_pilgrimageTests.swift */,
			);
			path = "nogizaka-pilgrimageTests";
			sourceTree = "<group>";
		};
		E749345F2959F2120045AE39 /* nogizaka-pilgrimageUITests */ = {
			isa = PBXGroup;
			children = (
				E74934602959F2120045AE39 /* nogizaka_pilgrimageUITests.swift */,
				E74934622959F2120045AE39 /* nogizaka_pilgrimageUITestsLaunchTests.swift */,
			);
			path = "nogizaka-pilgrimageUITests";
			sourceTree = "<group>";
		};
		E755E4242F4DD84800EF8E2F /* CheckIn */ = {
			isa = PBXGroup;
			children = (
				E755E4252F4DD85800EF8E2F /* CheckInViewModel.swift */,
				E755E4272F4DD86900EF8E2F /* CheckInView.swift */,
				E755E4292F4DD95C00EF8E2F /* CheckInContentView.swift */,
			);
			path = CheckIn;
			sourceTree = "<group>";
		};
		E76BF15C2BD162C200A1CB97 /* NativeAdvance */ = {
			isa = PBXGroup;
			children = (
				E76BF15F2BD163E800A1CB97 /* NativeAdView.xib */,
				E76BF15D2BD1630C00A1CB97 /* NativeAdvanceViewController.swift */,
				E76BF1642BD16FE700A1CB97 /* NativeAdvanceView.swift */,
			);
			path = NativeAdvance;
			sourceTree = "<group>";
		};
		E795AAB32F4DEA2C0062C9CE /* Favorite */ = {
			isa = PBXGroup;
			children = (
				E795AAB42F4DEA390062C9CE /* FavoriteViewModel.swift */,
				E795AAB62F4DEA460062C9CE /* FavoriteView.swift */,
			);
			path = Favorite;
			sourceTree = "<group>";
		};
		E795AAB82F4F372E0062C9CE /* Launch */ = {
			isa = PBXGroup;
			children = (
				E795AABB2F4F37830062C9CE /* LaunchViewModel.swift */,
				E795AABD2F4F37B50062C9CE /* LaunchView.swift */,
			);
			path = Launch;
			sourceTree = "<group>";
		};
		E795AABF2F5055160062C9CE /* Pilgrimage */ = {
			isa = PBXGroup;
			children = (
				E795AAD72F509D870062C9CE /* Map */,
				E795AAC22F5055360062C9CE /* List */,
				E795AAC12F50552C0062C9CE /* Card */,
				E795AAC02F5055240062C9CE /* Detail */,
				E795AAD52F5055EC0062C9CE /* PilgrimageView.swift */,
			);
			path = Pilgrimage;
			sourceTree = "<group>";
		};
		E795AAC02F5055240062C9CE /* Detail */ = {
			isa = PBXGroup;
			children = (
				E795AAC32F50556B0062C9CE /* PilgrimageDetailViewModel.swift */,
				E795AAC52F5055780062C9CE /* PilgrimageDetailView.swift */,
			);
			path = Detail;
			sourceTree = "<group>";
		};
		E795AAC12F50552C0062C9CE /* Card */ = {
			isa = PBXGroup;
			children = (
				E795AAC72F50558E0062C9CE /* PilgrimageCardViewModel.swift */,
				E795AAC92F50559C0062C9CE /* PilgrimageCardView.swift */,
			);
			path = Card;
			sourceTree = "<group>";
		};
		E795AAC22F5055360062C9CE /* List */ = {
			isa = PBXGroup;
			children = (
				E795AACB2F5055AA0062C9CE /* PilgrimageListViewModel.swift */,
				E795AACD2F5055B40062C9CE /* PilgrimageListView.swift */,
				E795AACF2F5055BE0062C9CE /* PilgrimageListContentView.swift */,
			);
			path = List;
			sourceTree = "<group>";
		};
		E795AAD72F509D870062C9CE /* Map */ = {
			isa = PBXGroup;
			children = (
				E795AAD32F5055D80062C9CE /* PilgrimageMapView.swift */,
				E7A7902E2F7023F50061403A /* PilgrimageMapViewModel.swift */,
				E7FDAA032ADFEB7E0056AA5B /* PilgrimageMapConstant.swift */,
				E79D8C972E438635006170C3 /* PilgrimageAnnotation.swift */,
				E7FDAA052AE029190056AA5B /* CurrentLocationButton.swift */,
				E79D8C912E43859C006170C3 /* ClusterMapView.swift */,
				E7A7902A2F701DB20061403A /* MapCameraCommand.swift */,
				E7A7902C2F701E1C0061403A /* ClusterMapViewCoordinator.swift */,
			);
			path = Map;
			sourceTree = "<group>";
		};
		E795AADD2F5490D80062C9CE /* AppLoggerMacro */ = {
			isa = PBXGroup;
			children = (
				E795AAE22F5492A60062C9CE /* Sources */,
				E795AAE12F5492930062C9CE /* Tests */,
				E795AADE2F5491010062C9CE /* Package.swift */,
			);
			path = AppLoggerMacro;
			sourceTree = "<group>";
		};
		E795AAE12F5492930062C9CE /* Tests */ = {
			isa = PBXGroup;
			children = (
				E795AAED2F5493090062C9CE /* AppLoggerTests */,
			);
			path = Tests;
			sourceTree = "<group>";
		};
		E795AAE22F5492A60062C9CE /* Sources */ = {
			isa = PBXGroup;
			children = (
				E795AAE62F5492D50062C9CE /* AppLogger */,
				E795AAE52F5492CB0062C9CE /* AppLoggerMacros */,
			);
			path = Sources;
			sourceTree = "<group>";
		};
		E795AAE52F5492CB0062C9CE /* AppLoggerMacros */ = {
			isa = PBXGroup;
			children = (
				E795AAEB2F5493000062C9CE /* LogMacroPlugin.swift */,
			);
			path = AppLoggerMacros;
			sourceTree = "<group>";
		};
		E795AAE62F5492D50062C9CE /* AppLogger */ = {
			isa = PBXGroup;
			children = (
				E795AAE72F5492EA0062C9CE /* LogMacro.swift */,
				E795AAE92F5492F40062C9CE /* LogLevel.swift */,
			);
			path = AppLogger;
			sourceTree = "<group>";
		};
		E795AAED2F5493090062C9CE /* AppLoggerTests */ = {
			isa = PBXGroup;
			children = (
				E795AAEE2F5493210062C9CE /* LogMacroTests.swift */,
			);
			path = AppLoggerTests;
			sourceTree = "<group>";
		};
		E7A790302F7024120061403A /* Feature */ = {
			isa = PBXGroup;
			children = (
				E7A790342F7024440061403A /* Pilgrimage */,
			);
			path = Feature;
			sourceTree = "<group>";
		};
		E7A790332F7024440061403A /* Map */ = {
			isa = PBXGroup;
			children = (
				E7A790352F7024600061403A /* PilgrimageMapViewModelTests.swift */,
			);
			path = Map;
			sourceTree = "<group>";
		};
		E7A790342F7024440061403A /* Pilgrimage */ = {
			isa = PBXGroup;
			children = (
				E7A790332F7024440061403A /* Map */,
			);
			path = Pilgrimage;
			sourceTree = "<group>";
		};
		E7B931422F46053A00B94C75 /* IconLicense */ = {
			isa = PBXGroup;
			children = (
				E7B931412F46053A00B94C75 /* IconLicenseView.swift */,
			);
			path = IconLicense;
			sourceTree = "<group>";
		};
		E7B931442F473A9700B94C75 /* Menu */ = {
			isa = PBXGroup;
			children = (
				E7B931452F473AA900B94C75 /* MenuViewModel.swift */,
				E7B931472F4749AB00B94C75 /* MenuView.swift */,
			);
			path = Menu;
			sourceTree = "<group>";
		};
		E7B9CD502B8E2586003FAB19 /* Enviroment */ = {
			isa = PBXGroup;
			children = (
				E7A9640F2BE291AB005338F3 /* GoogleService-Info.plist */,
			);
			path = Enviroment;
			sourceTree = "<group>";
		};
		E7FD73D52959FDD000347BA4 /* Frameworks */ = {
			isa = PBXGroup;
			children = (
			);
			name = Frameworks;
			sourceTree = "<group>";
		};
		E7FDAA0D2AE177140056AA5B /* Extension */ = {
			isa = PBXGroup;
			children = (
				E7FDAA102AE177CB0056AA5B /* UIColorExtension.swift */,
				E7FDAA162AE230310056AA5B /* UINavigationControllerExtension.swift */,
			);
			path = Extension;
			sourceTree = "<group>";
		};
/* End PBXGroup section */

/* Begin PBXNativeTarget section */
		E74934412959F20E0045AE39 /* nogizaka-pilgrimage */ = {
			isa = PBXNativeTarget;
			buildConfigurationList = E74934662959F2120045AE39 /* Build configuration list for PBXNativeTarget "nogizaka-pilgrimage" */;
			buildPhases = (
				E749343E2959F20E0045AE39 /* Sources */,
				E749343F2959F20E0045AE39 /* Frameworks */,
				E74934402959F20E0045AE39 /* Resources */,
			);
			buildRules = (
			);
			dependencies = (
			);
			name = "nogizaka-pilgrimage";
			packageProductDependencies = (
				E795AAF22F54A0000062C9CE /* AppLogger */,
				E7B9CD562B8E26E9003FAB19 /* FirebaseAnalytics */,
				E7B9CD582B8E26E9003FAB19 /* FirebaseFirestore */,
				E710931C2BE13DAA005482F7 /* LicenseList */,
				E747728E2D958B0100F659EF /* GoogleMobileAds */,
				E7C72A652E5F517300FC2378 /* CustomDump */,
				E795AAD92F51A2AB0062C9CE /* Dependencies */,
				E795AADB2F51A2AB0062C9CE /* DependenciesMacros */,
				E7F4023D2F60555500226464 /* NukeUI */,
			);
			productName = "nogizaka-pilgrimage";
			productReference = E74934422959F20E0045AE39 /* nogizaka-pilgrimage.app */;
			productType = "com.apple.product-type.application";
		};
		E74934512959F2120045AE39 /* nogizaka-pilgrimageTests */ = {
			isa = PBXNativeTarget;
			buildConfigurationList = E74934692959F2120045AE39 /* Build configuration list for PBXNativeTarget "nogizaka-pilgrimageTests" */;
			buildPhases = (
				E749344E2959F2120045AE39 /* Sources */,
				E749344F2959F2120045AE39 /* Frameworks */,
				E74934502959F2120045AE39 /* Resources */,
			);
			buildRules = (
			);
			dependencies = (
				E74934542959F2120045AE39 /* PBXTargetDependency */,
			);
			name = "nogizaka-pilgrimageTests";
			productName = "nogizaka-pilgrimageTests";
			productReference = E74934522959F2120045AE39 /* nogizaka-pilgrimageTests.xctest */;
			productType = "com.apple.product-type.bundle.unit-test";
		};
		E749345B2959F2120045AE39 /* nogizaka-pilgrimageUITests */ = {
			isa = PBXNativeTarget;
			buildConfigurationList = E749346C2959F2120045AE39 /* Build configuration list for PBXNativeTarget "nogizaka-pilgrimageUITests" */;
			buildPhases = (
				E74934582959F2120045AE39 /* Sources */,
				E74934592959F2120045AE39 /* Frameworks */,
				E749345A2959F2120045AE39 /* Resources */,
			);
			buildRules = (
			);
			dependencies = (
				E749345E2959F2120045AE39 /* PBXTargetDependency */,
			);
			name = "nogizaka-pilgrimageUITests";
			productName = "nogizaka-pilgrimageUITests";
			productReference = E749345C2959F2120045AE39 /* nogizaka-pilgrimageUITests.xctest */;
			productType = "com.apple.product-type.bundle.ui-testing";
		};
/* End PBXNativeTarget section */

/* Begin PBXProject section */
		E749343A2959F20E0045AE39 /* Project object */ = {
			isa = PBXProject;
			attributes = {
				BuildIndependentTargetsInParallel = 1;
				LastSwiftUpdateCheck = 1410;
				LastUpgradeCheck = 2630;
				TargetAttributes = {
					E74934412959F20E0045AE39 = {
						CreatedOnToolsVersion = 14.1;
					};
					E74934512959F2120045AE39 = {
						CreatedOnToolsVersion = 14.1;
						TestTargetID = E74934412959F20E0045AE39;
					};
					E749345B2959F2120045AE39 = {
						CreatedOnToolsVersion = 14.1;
						TestTargetID = E74934412959F20E0045AE39;
					};
				};
			};
			buildConfigurationList = E749343D2959F20E0045AE39 /* Build configuration list for PBXProject "nogizaka-pilgrimage" */;
			compatibilityVersion = "Xcode 14.0";
			developmentRegion = en;
			hasScannedForEncodings = 0;
			knownRegions = (
				en,
				ja,
			);
			mainGroup = E74934392959F20E0045AE39;
			packageReferences = (
				E7B9CD552B8E26E9003FAB19 /* XCRemoteSwiftPackageReference "firebase-ios-sdk" */,
				E710931B2BE13DAA005482F7 /* XCRemoteSwiftPackageReference "LicenseList" */,
				E747728D2D958B0100F659EF /* XCRemoteSwiftPackageReference "swift-package-manager-google-mobile-ads" */,
				E7C72A642E5F517300FC2378 /* XCRemoteSwiftPackageReference "swift-custom-dump" */,
				E795AAD82F51A2AB0062C9CE /* XCRemoteSwiftPackageReference "swift-dependencies" */,
				E795AAE02F5492490062C9CE /* XCLocalSwiftPackageReference "AppLoggerMacro" */,
				E76C0D912F60525600893644 /* XCRemoteSwiftPackageReference "Nuke" */,
			);
			productRefGroup = E74934432959F20E0045AE39 /* Products */;
			projectDirPath = "";
			projectRoot = "";
			targets = (
				E74934412959F20E0045AE39 /* nogizaka-pilgrimage */,
				E74934512959F2120045AE39 /* nogizaka-pilgrimageTests */,
				E749345B2959F2120045AE39 /* nogizaka-pilgrimageUITests */,
			);
		};
/* End PBXProject section */

/* Begin PBXResourcesBuildPhase section */
		E74934402959F20E0045AE39 /* Resources */ = {
			isa = PBXResourcesBuildPhase;
			buildActionMask = 2147483647;
			files = (
				E73E091B2965C77E00A1204E /* Colors.xcassets in Resources */,
				E73E092E2965D18700A1204E /* Localizable.strings in Resources */,
				E749344D2959F2120045AE39 /* Preview Assets.xcassets in Resources */,
				E76BF1602BD163E800A1CB97 /* NativeAdView.xib in Resources */,
				E749344A2959F2120045AE39 /* Assets.xcassets in Resources */,
				E7A964102BE291AB005338F3 /* GoogleService-Info.plist in Resources */,
			);
			runOnlyForDeploymentPostprocessing = 0;
		};
		E74934502959F2120045AE39 /* Resources */ = {
			isa = PBXResourcesBuildPhase;
			buildActionMask = 2147483647;
			files = (
			);
			runOnlyForDeploymentPostprocessing = 0;
		};
		E749345A2959F2120045AE39 /* Resources */ = {
			isa = PBXResourcesBuildPhase;
			buildActionMask = 2147483647;
			files = (
			);
			runOnlyForDeploymentPostprocessing = 0;
		};
/* End PBXResourcesBuildPhase section */

/* Begin PBXSourcesBuildPhase section */
		E749343E2959F20E0045AE39 /* Sources */ = {
			isa = PBXSourcesBuildPhase;
			buildActionMask = 2147483647;
			files = (
				E7B931462F473AA900B94C75 /* MenuViewModel.swift in Sources */,
				E72EA33B2F55E7A3007BFC81 /* FavoriteLocalDataStore.swift in Sources */,
				E757BB042E8AD58500035318 /* ReadableContentGuideModifier.swift in Sources */,
				E795AACE2F5055B40062C9CE /* PilgrimageListView.swift in Sources */,
				E72EA33D2F55E7B4007BFC81 /* FavoriteRemoteDataStore.swift in Sources */,
				E7FDAA112AE177CB0056AA5B /* UIColorExtension.swift in Sources */,
				E72EA34E2F57166E007BFC81 /* PilgrimageRemoteDataStore.swift in Sources */,
				E7B931432F46053A00B94C75 /* IconLicenseView.swift in Sources */,
				E72EA3482F57042C007BFC81 /* CheckInRepository+Live.swift in Sources */,
				E795AAC82F50558E0062C9CE /* PilgrimageCardViewModel.swift in Sources */,
				E73E09122965C21E00A1204E /* MainView.swift in Sources */,
				E755E4262F4DD85800EF8E2F /* CheckInViewModel.swift in Sources */,
				E72EA3752F59C948007BFC81 /* SafariView.swift in Sources */,
				E72EA3522F571698007BFC81 /* PilgrimageRepository+Live.swift in Sources */,
				E795AABE2F4F37B50062C9CE /* LaunchView.swift in Sources */,
				E72EA3562F5716C2007BFC81 /* AppConfigRepository.swift in Sources */,
				E72EA35E2F585C93007BFC81 /* PilgrimageObject.swift in Sources */,
				E795AAC42F50556B0062C9CE /* PilgrimageDetailViewModel.swift in Sources */,
				E74934462959F20E0045AE39 /* nogizaka_pilgrimageApp.swift in Sources */,
				E75907A92AD58F5E009327A8 /* ThemeEnvironmentKey.swift in Sources */,
				E7A7902F2F7023F50061403A /* PilgrimageMapViewModel.swift in Sources */,
				E72EA3542F5716B2007BFC81 /* AppConfigRemoteDataStore.swift in Sources */,
				E76BF15E2BD1630C00A1CB97 /* NativeAdvanceViewController.swift in Sources */,
				E79D8C982E438635006170C3 /* PilgrimageAnnotation.swift in Sources */,
				E79045B22B0E088100F0936B /* LocationManager.swift in Sources */,
				E72EA35B2F585C6E007BFC81 /* PilgrimageDTO.swift in Sources */,
				E7A7902D2F701E1C0061403A /* ClusterMapViewCoordinator.swift in Sources */,
				E72EA3672F585D20007BFC81 /* PilgrimageEntity.swift in Sources */,
				E7FDAA042ADFEB7E0056AA5B /* PilgrimageMapConstant.swift in Sources */,
				E72EA3622F585CAE007BFC81 /* CheckInObject.swift in Sources */,
				E755E4282F4DD86900EF8E2F /* CheckInView.swift in Sources */,
				E72EA3502F571683007BFC81 /* PilgrimageRepository.swift in Sources */,
				E72EA36B2F5866D0007BFC81 /* PilgrimageLocalDataStore.swift in Sources */,
				E795AACC2F5055AA0062C9CE /* PilgrimageListViewModel.swift in Sources */,
				E72EA3702F59B1BB007BFC81 /* AppUpdateInfoDTO.swift in Sources */,
				E71A82792BE200B700C16FEE /* BuildClient.swift in Sources */,
				E79D8C922E43859C006170C3 /* ClusterMapView.swift in Sources */,
				E72EA3602F585CA1007BFC81 /* FavoriteObject.swift in Sources */,
				E795AAC62F5055780062C9CE /* PilgrimageDetailView.swift in Sources */,
				E72EA3722F59B2CC007BFC81 /* APIError.swift in Sources */,
				E7738FA32BB45AA700C00F2F /* RouteActionClient.swift in Sources */,
				E795AAD42F5055D80062C9CE /* PilgrimageMapView.swift in Sources */,
				E72505752BB71786002BFB34 /* BannerViewController.swift in Sources */,
				E795AAB72F4DEA460062C9CE /* FavoriteView.swift in Sources */,
				E755E42A2F4DD95C00EF8E2F /* CheckInContentView.swift in Sources */,
				E72EA34A2F570441007BFC81 /* CheckInUseCase.swift in Sources */,
				E78276092BAC796000AD16CC /* NetworkMonitor.swift in Sources */,
				E72EA3642F585CF2007BFC81 /* SwiftDataClient.swift in Sources */,
				E795AAB52F4DEA390062C9CE /* FavoriteViewModel.swift in Sources */,
				E72EA3462F5703C7007BFC81 /* CheckInRepository.swift in Sources */,
				E7B931482F4749AB00B94C75 /* MenuView.swift in Sources */,
				E7FDAA172AE230310056AA5B /* UINavigationControllerExtension.swift in Sources */,
				E72EA3582F5716D0007BFC81 /* AppConfigRepository+Live.swift in Sources */,
				E7A7902B2F701DB20061403A /* MapCameraCommand.swift in Sources */,
				E72EA33F2F55E7D2007BFC81 /* FavoriteRepository.swift in Sources */,
				E795AAD02F5055BE0062C9CE /* PilgrimageListContentView.swift in Sources */,
				E72EA34C2F570852007BFC81 /* CheckInLocalDataStore.swift in Sources */,
				E795AABC2F4F37830062C9CE /* LaunchViewModel.swift in Sources */,
				E795AAD62F5055EC0062C9CE /* PilgrimageView.swift in Sources */,
				E795AACA2F50559C0062C9CE /* PilgrimageCardView.swift in Sources */,
				E72505732BB716EB002BFB34 /* BannerViewControllerWidthDelegate.swift in Sources */,
				E74772912D95966B00F659EF /* BannerViewContainer.swift in Sources */,
				E7BB04142F5B25A8008EFAAE /* LocalizedStringResource+Keys.swift in Sources */,
				E72EA36E2F586FEF007BFC81 /* FavoriteMigrationClient.swift in Sources */,
				E7235A72297D75D500E1339A /* Theme.swift in Sources */,
				E76D0BD42AD557F000D6BB2B /* Theme+BarAppearance.swift in Sources */,
				E7FDAA062AE029190056AA5B /* CurrentLocationButton.swift in Sources */,
				E72EA3412F55E7DF007BFC81 /* FavoriteRepository+Live.swift in Sources */,
				E76BF1652BD16FE700A1CB97 /* NativeAdvanceView.swift in Sources */,
				E72EA3442F5703B1007BFC81 /* CheckInRemoteDataStore.swift in Sources */,
			);
			runOnlyForDeploymentPostprocessing = 0;
		};
		E749344E2959F2120045AE39 /* Sources */ = {
			isa = PBXSourcesBuildPhase;
			buildActionMask = 2147483647;
			files = (
				E7A790362F7024600061403A /* PilgrimageMapViewModelTests.swift in Sources */,
				E74934572959F2120045AE39 /* nogizaka_pilgrimageTests.swift in Sources */,
			);
			runOnlyForDeploymentPostprocessing = 0;
		};
		E74934582959F2120045AE39 /* Sources */ = {
			isa = PBXSourcesBuildPhase;
			buildActionMask = 2147483647;
			files = (
				E74934612959F2120045AE39 /* nogizaka_pilgrimageUITests.swift in Sources */,
				E74934632959F2120045AE39 /* nogizaka_pilgrimageUITestsLaunchTests.swift in Sources */,
			);
			runOnlyForDeploymentPostprocessing = 0;
		};
/* End PBXSourcesBuildPhase section */

/* Begin PBXTargetDependency section */
		E74934542959F2120045AE39 /* PBXTargetDependency */ = {
			isa = PBXTargetDependency;
			target = E74934412959F20E0045AE39 /* nogizaka-pilgrimage */;
			targetProxy = E74934532959F2120045AE39 /* PBXContainerItemProxy */;
		};
		E749345E2959F2120045AE39 /* PBXTargetDependency */ = {
			isa = PBXTargetDependency;
			target = E74934412959F20E0045AE39 /* nogizaka-pilgrimage */;
			targetProxy = E749345D2959F2120045AE39 /* PBXContainerItemProxy */;
		};
/* End PBXTargetDependency section */

/* Begin PBXVariantGroup section */
		E73E09302965D18700A1204E /* Localizable.strings */ = {
			isa = PBXVariantGroup;
			children = (
				E73E092F2965D18700A1204E /* ja */,
			);
			name = Localizable.strings;
			sourceTree = "<group>";
		};
/* End PBXVariantGroup section */

/* Begin XCBuildConfiguration section */
		E74934642959F2120045AE39 /* Debug */ = {
			isa = XCBuildConfiguration;
			buildSettings = {
				ALWAYS_SEARCH_USER_PATHS = NO;
				CLANG_ANALYZER_LOCALIZABILITY_NONLOCALIZED = YES;
				CLANG_ANALYZER_NONNULL = YES;
				CLANG_ANALYZER_NUMBER_OBJECT_CONVERSION = YES_AGGRESSIVE;
				CLANG_CXX_LANGUAGE_STANDARD = "gnu++20";
				CLANG_ENABLE_MODULES = YES;
				CLANG_ENABLE_OBJC_ARC = YES;
				CLANG_ENABLE_OBJC_WEAK = YES;
				CLANG_WARN_BLOCK_CAPTURE_AUTORELEASING = YES;
				CLANG_WARN_BOOL_CONVERSION = YES;
				CLANG_WARN_COMMA = YES;
				CLANG_WARN_CONSTANT_CONVERSION = YES;
				CLANG_WARN_DEPRECATED_OBJC_IMPLEMENTATIONS = YES;
				CLANG_WARN_DIRECT_OBJC_ISA_USAGE = YES_ERROR;
				CLANG_WARN_DOCUMENTATION_COMMENTS = YES;
				CLANG_WARN_EMPTY_BODY = YES;
				CLANG_WARN_ENUM_CONVERSION = YES;
				CLANG_WARN_INFINITE_RECURSION = YES;
				CLANG_WARN_INT_CONVERSION = YES;
				CLANG_WARN_NON_LITERAL_NULL_CONVERSION = YES;
				CLANG_WARN_OBJC_IMPLICIT_RETAIN_SELF = YES;
				CLANG_WARN_OBJC_LITERAL_CONVERSION = YES;
				CLANG_WARN_OBJC_ROOT_CLASS = YES_ERROR;
				CLANG_WARN_QUOTED_INCLUDE_IN_FRAMEWORK_HEADER = YES;
				CLANG_WARN_RANGE_LOOP_ANALYSIS = YES;
				CLANG_WARN_STRICT_PROTOTYPES = YES;
				CLANG_WARN_SUSPICIOUS_MOVE = YES;
				CLANG_WARN_UNGUARDED_AVAILABILITY = YES_AGGRESSIVE;
				CLANG_WARN_UNREACHABLE_CODE = YES;
				CLANG_WARN__DUPLICATE_METHOD_MATCH = YES;
				COPY_PHASE_STRIP = NO;
				DEBUG_INFORMATION_FORMAT = dwarf;
				DEVELOPMENT_TEAM = DX3FKMWYLL;
				ENABLE_STRICT_OBJC_MSGSEND = YES;
				ENABLE_TESTABILITY = YES;
				ENABLE_USER_SCRIPT_SANDBOXING = YES;
				GCC_C_LANGUAGE_STANDARD = gnu11;
				GCC_DYNAMIC_NO_PIC = NO;
				GCC_NO_COMMON_BLOCKS = YES;
				GCC_OPTIMIZATION_LEVEL = 0;
				GCC_PREPROCESSOR_DEFINITIONS = (
					"DEBUG=1",
					"$(inherited)",
				);
				GCC_WARN_64_TO_32_BIT_CONVERSION = YES;
				GCC_WARN_ABOUT_RETURN_TYPE = YES_ERROR;
				GCC_WARN_UNDECLARED_SELECTOR = YES;
				GCC_WARN_UNINITIALIZED_AUTOS = YES_AGGRESSIVE;
				GCC_WARN_UNUSED_FUNCTION = YES;
				GCC_WARN_UNUSED_VARIABLE = YES;
				IPHONEOS_DEPLOYMENT_TARGET = 17.5;
				MTL_ENABLE_DEBUG_INFO = INCLUDE_SOURCE;
				MTL_FAST_MATH = YES;
				ONLY_ACTIVE_ARCH = YES;
				SDKROOT = iphoneos;
				STRING_CATALOG_GENERATE_SYMBOLS = YES;
				SWIFT_ACTIVE_COMPILATION_CONDITIONS = DEBUG;
				SWIFT_EXPLICITLY_BUILT_MODULES = NO;
				SWIFT_OPTIMIZATION_LEVEL = "-Onone";
			};
			name = Debug;
		};
		E74934652959F2120045AE39 /* Release */ = {
			isa = XCBuildConfiguration;
			buildSettings = {
				ALWAYS_SEARCH_USER_PATHS = NO;
				CLANG_ANALYZER_LOCALIZABILITY_NONLOCALIZED = YES;
				CLANG_ANALYZER_NONNULL = YES;
				CLANG_ANALYZER_NUMBER_OBJECT_CONVERSION = YES_AGGRESSIVE;
				CLANG_CXX_LANGUAGE_STANDARD = "gnu++20";
				CLANG_ENABLE_MODULES = YES;
				CLANG_ENABLE_OBJC_ARC = YES;
				CLANG_ENABLE_OBJC_WEAK = YES;
				CLANG_WARN_BLOCK_CAPTURE_AUTORELEASING = YES;
				CLANG_WARN_BOOL_CONVERSION = YES;
				CLANG_WARN_COMMA = YES;
				CLANG_WARN_CONSTANT_CONVERSION = YES;
				CLANG_WARN_DEPRECATED_OBJC_IMPLEMENTATIONS = YES;
				CLANG_WARN_DIRECT_OBJC_ISA_USAGE = YES_ERROR;
				CLANG_WARN_DOCUMENTATION_COMMENTS = YES;
				CLANG_WARN_EMPTY_BODY = YES;
				CLANG_WARN_ENUM_CONVERSION = YES;
				CLANG_WARN_INFINITE_RECURSION = YES;
				CLANG_WARN_INT_CONVERSION = YES;
				CLANG_WARN_NON_LITERAL_NULL_CONVERSION = YES;
				CLANG_WARN_OBJC_IMPLICIT_RETAIN_SELF = YES;
				CLANG_WARN_OBJC_LITERAL_CONVERSION = YES;
				CLANG_WARN_OBJC_ROOT_CLASS = YES_ERROR;
				CLANG_WARN_QUOTED_INCLUDE_IN_FRAMEWORK_HEADER = YES;
				CLANG_WARN_RANGE_LOOP_ANALYSIS = YES;
				CLANG_WARN_STRICT_PROTOTYPES = YES;
				CLANG_WARN_SUSPICIOUS_MOVE = YES;
				CLANG_WARN_UNGUARDED_AVAILABILITY = YES_AGGRESSIVE;
				CLANG_WARN_UNREACHABLE_CODE = YES;
				CLANG_WARN__DUPLICATE_METHOD_MATCH = YES;
				COPY_PHASE_STRIP = NO;
				DEBUG_INFORMATION_FORMAT = "dwarf-with-dsym";
				DEVELOPMENT_TEAM = DX3FKMWYLL;
				ENABLE_NS_ASSERTIONS = NO;
				ENABLE_STRICT_OBJC_MSGSEND = YES;
				ENABLE_USER_SCRIPT_SANDBOXING = YES;
				GCC_C_LANGUAGE_STANDARD = gnu11;
				GCC_NO_COMMON_BLOCKS = YES;
				GCC_WARN_64_TO_32_BIT_CONVERSION = YES;
				GCC_WARN_ABOUT_RETURN_TYPE = YES_ERROR;
				GCC_WARN_UNDECLARED_SELECTOR = YES;
				GCC_WARN_UNINITIALIZED_AUTOS = YES_AGGRESSIVE;
				GCC_WARN_UNUSED_FUNCTION = YES;
				GCC_WARN_UNUSED_VARIABLE = YES;
				IPHONEOS_DEPLOYMENT_TARGET = 17.5;
				MTL_ENABLE_DEBUG_INFO = NO;
				MTL_FAST_MATH = YES;
				SDKROOT = iphoneos;
				STRING_CATALOG_GENERATE_SYMBOLS = YES;
				SWIFT_COMPILATION_MODE = wholemodule;
				SWIFT_EXPLICITLY_BUILT_MODULES = NO;
				SWIFT_OPTIMIZATION_LEVEL = "-O";
				VALIDATE_PRODUCT = YES;
			};
			name = Release;
		};
		E74934672959F2120045AE39 /* Debug */ = {
			isa = XCBuildConfiguration;
			buildSettings = {
				ASSETCATALOG_COMPILER_APPICON_NAME = AppIcon;
				ASSETCATALOG_COMPILER_GENERATE_SWIFT_ASSET_SYMBOL_EXTENSIONS = YES;
				ASSETCATALOG_COMPILER_GLOBAL_ACCENT_COLOR_NAME = AccentColor;
				CODE_SIGN_STYLE = Automatic;
				CURRENT_PROJECT_VERSION = 1.7.0.0;
				DEVELOPMENT_ASSET_PATHS = "\"nogizaka-pilgrimage/Preview Content\"";
				ENABLE_PREVIEWS = YES;
				GENERATE_INFOPLIST_FILE = YES;
				INFOPLIST_FILE = "nogizaka-pilgrimage/Info.plist";
				INFOPLIST_KEY_CFBundleDisplayName = "のぎラリー";
				INFOPLIST_KEY_LSApplicationCategoryType = "";
				INFOPLIST_KEY_NSLocationWhenInUseUsageDescription = "位置情報を使用することで、聖地と現在までの位置関係を把握することができます。";
				INFOPLIST_KEY_NSUserTrackingUsageDescription = "「許可」すると最適化された広告が表示されます。許可したことによる個人情報へのアクセスはありません。";
				INFOPLIST_KEY_UIApplicationSceneManifest_Generation = YES;
				INFOPLIST_KEY_UIApplicationSupportsIndirectInputEvents = YES;
				INFOPLIST_KEY_UIRequiresFullScreen = YES;
				INFOPLIST_KEY_UISupportedInterfaceOrientations = UIInterfaceOrientationPortrait;
				INFOPLIST_KEY_UIUserInterfaceStyle = Light;
				IPHONEOS_DEPLOYMENT_TARGET = 17.5;
				LD_RUNPATH_SEARCH_PATHS = (
					"$(inherited)",
					"@executable_path/Frameworks",
				);
				MARKETING_VERSION = 1.7.0;
				PRODUCT_BUNDLE_IDENTIFIER = "kaitokudo2468110921.nogizaka-pilgrimage";
				PRODUCT_NAME = "$(TARGET_NAME)";
				SUPPORTED_PLATFORMS = "iphoneos iphonesimulator";
				SUPPORTS_MACCATALYST = NO;
				SWIFT_EMIT_LOC_STRINGS = YES;
				SWIFT_STRICT_CONCURRENCY = complete;
				SWIFT_VERSION = 6.0;
				TARGETED_DEVICE_FAMILY = "1,2";
			};
			name = Debug;
		};
		E74934682959F2120045AE39 /* Release */ = {
			isa = XCBuildConfiguration;
			buildSettings = {
				ASSETCATALOG_COMPILER_APPICON_NAME = AppIcon;
				ASSETCATALOG_COMPILER_GENERATE_SWIFT_ASSET_SYMBOL_EXTENSIONS = YES;
				ASSETCATALOG_COMPILER_GLOBAL_ACCENT_COLOR_NAME = AccentColor;
				CODE_SIGN_STYLE = Automatic;
				CURRENT_PROJECT_VERSION = 1.7.0.0;
				DEVELOPMENT_ASSET_PATHS = "\"nogizaka-pilgrimage/Preview Content\"";
				ENABLE_PREVIEWS = YES;
				GENERATE_INFOPLIST_FILE = YES;
				INFOPLIST_FILE = "nogizaka-pilgrimage/Info.plist";
				INFOPLIST_KEY_CFBundleDisplayName = "のぎラリー";
				INFOPLIST_KEY_LSApplicationCategoryType = "";
				INFOPLIST_KEY_NSLocationWhenInUseUsageDescription = "位置情報を使用することで、聖地と現在までの位置関係を把握することができます。";
				INFOPLIST_KEY_NSUserTrackingUsageDescription = "「許可」すると最適化された広告が表示されます。許可したことによる個人情報へのアクセスはありません。";
				INFOPLIST_KEY_UIApplicationSceneManifest_Generation = YES;
				INFOPLIST_KEY_UIApplicationSupportsIndirectInputEvents = YES;
				INFOPLIST_KEY_UIRequiresFullScreen = YES;
				INFOPLIST_KEY_UISupportedInterfaceOrientations = UIInterfaceOrientationPortrait;
				INFOPLIST_KEY_UIUserInterfaceStyle = Light;
				IPHONEOS_DEPLOYMENT_TARGET = 17.5;
				LD_RUNPATH_SEARCH_PATHS = (
					"$(inherited)",
					"@executable_path/Frameworks",
				);
				MARKETING_VERSION = 1.7.0;
				PRODUCT_BUNDLE_IDENTIFIER = "kaitokudo2468110921.nogizaka-pilgrimage";
				PRODUCT_NAME = "$(TARGET_NAME)";
				SUPPORTED_PLATFORMS = "iphoneos iphonesimulator";
				SUPPORTS_MACCATALYST = NO;
				SWIFT_EMIT_LOC_STRINGS = YES;
				SWIFT_STRICT_CONCURRENCY = complete;
				SWIFT_VERSION = 6.0;
				TARGETED_DEVICE_FAMILY = "1,2";
			};
			name = Release;
		};
		E749346A2959F2120045AE39 /* Debug */ = {
			isa = XCBuildConfiguration;
			buildSettings = {
				BUNDLE_LOADER = "$(TEST_HOST)";
				CODE_SIGN_STYLE = Automatic;
				CURRENT_PROJECT_VERSION = 1;
				GENERATE_INFOPLIST_FILE = YES;
				IPHONEOS_DEPLOYMENT_TARGET = 17.5;
				MARKETING_VERSION = 1.0;
				PRODUCT_BUNDLE_IDENTIFIER = "com.icloud.kaitokudo2468110921.nogizaka-pilgrimageTests";
				PRODUCT_NAME = "$(TARGET_NAME)";
				SWIFT_EMIT_LOC_STRINGS = NO;
				SWIFT_VERSION = 6.0;
				TARGETED_DEVICE_FAMILY = "1,2";
				TEST_HOST = "$(BUILT_PRODUCTS_DIR)/nogizaka-pilgrimage.app/$(BUNDLE_EXECUTABLE_FOLDER_PATH)/nogizaka-pilgrimage";
			};
			name = Debug;
		};
		E749346B2959F2120045AE39 /* Release */ = {
			isa = XCBuildConfiguration;
			buildSettings = {
				BUNDLE_LOADER = "$(TEST_HOST)";
				CODE_SIGN_STYLE = Automatic;
				CURRENT_PROJECT_VERSION = 1;
				GENERATE_INFOPLIST_FILE = YES;
				IPHONEOS_DEPLOYMENT_TARGET = 17.5;
				MARKETING_VERSION = 1.0;
				PRODUCT_BUNDLE_IDENTIFIER = "com.icloud.kaitokudo2468110921.nogizaka-pilgrimageTests";
				PRODUCT_NAME = "$(TARGET_NAME)";
				SWIFT_EMIT_LOC_STRINGS = NO;
				SWIFT_VERSION = 6.0;
				TARGETED_DEVICE_FAMILY = "1,2";
				TEST_HOST = "$(BUILT_PRODUCTS_DIR)/nogizaka-pilgrimage.app/$(BUNDLE_EXECUTABLE_FOLDER_PATH)/nogizaka-pilgrimage";
			};
			name = Release;
		};
		E749346D2959F2120045AE39 /* Debug */ = {
			isa = XCBuildConfiguration;
			buildSettings = {
				CODE_SIGN_STYLE = Automatic;
				CURRENT_PROJECT_VERSION = 1;
				GENERATE_INFOPLIST_FILE = YES;
				MARKETING_VERSION = 1.0;
				PRODUCT_BUNDLE_IDENTIFIER = "com.icloud.kaitokudo2468110921.nogizaka-pilgrimageUITests";
				PRODUCT_NAME = "$(TARGET_NAME)";
				SWIFT_EMIT_LOC_STRINGS = NO;
				SWIFT_VERSION = 6.0;
				TARGETED_DEVICE_FAMILY = "1,2";
				TEST_TARGET_NAME = "nogizaka-pilgrimage";
			};
			name = Debug;
		};
		E749346E2959F2120045AE39 /* Release */ = {
			isa = XCBuildConfiguration;
			buildSettings = {
				CODE_SIGN_STYLE = Automatic;
				CURRENT_PROJECT_VERSION = 1;
				GENERATE_INFOPLIST_FILE = YES;
				MARKETING_VERSION = 1.0;
				PRODUCT_BUNDLE_IDENTIFIER = "com.icloud.kaitokudo2468110921.nogizaka-pilgrimageUITests";
				PRODUCT_NAME = "$(TARGET_NAME)";
				SWIFT_EMIT_LOC_STRINGS = NO;
				SWIFT_VERSION = 6.0;
				TARGETED_DEVICE_FAMILY = "1,2";
				TEST_TARGET_NAME = "nogizaka-pilgrimage";
			};
			name = Release;
		};
/* End XCBuildConfiguration section */

/* Begin XCConfigurationList section */
		E749343D2959F20E0045AE39 /* Build configuration list for PBXProject "nogizaka-pilgrimage" */ = {
			isa = XCConfigurationList;
			buildConfigurations = (
				E74934642959F2120045AE39 /* Debug */,
				E74934652959F2120045AE39 /* Release */,
			);
			defaultConfigurationIsVisible = 0;
			defaultConfigurationName = Release;
		};
		E74934662959F2120045AE39 /* Build configuration list for PBXNativeTarget "nogizaka-pilgrimage" */ = {
			isa = XCConfigurationList;
			buildConfigurations = (
				E74934672959F2120045AE39 /* Debug */,
				E74934682959F2120045AE39 /* Release */,
			);
			defaultConfigurationIsVisible = 0;
			defaultConfigurationName = Release;
		};
		E74934692959F2120045AE39 /* Build configuration list for PBXNativeTarget "nogizaka-pilgrimageTests" */ = {
			isa = XCConfigurationList;
			buildConfigurations = (
				E749346A2959F2120045AE39 /* Debug */,
				E749346B2959F2120045AE39 /* Release */,
			);
			defaultConfigurationIsVisible = 0;
			defaultConfigurationName = Release;
		};
		E749346C2959F2120045AE39 /* Build configuration list for PBXNativeTarget "nogizaka-pilgrimageUITests" */ = {
			isa = XCConfigurationList;
			buildConfigurations = (
				E749346D2959F2120045AE39 /* Debug */,
				E749346E2959F2120045AE39 /* Release */,
			);
			defaultConfigurationIsVisible = 0;
			defaultConfigurationName = Release;
		};
/* End XCConfigurationList section */

/* Begin XCLocalSwiftPackageReference section */
		E795AAE02F5492490062C9CE /* XCLocalSwiftPackageReference "AppLoggerMacro" */ = {
			isa = XCLocalSwiftPackageReference;
			relativePath = AppLoggerMacro;
		};
/* End XCLocalSwiftPackageReference section */

/* Begin XCRemoteSwiftPackageReference section */
		E710931B2BE13DAA005482F7 /* XCRemoteSwiftPackageReference "LicenseList" */ = {
			isa = XCRemoteSwiftPackageReference;
			repositoryURL = "https://github.com/cybozu/LicenseList.git";
			requirement = {
				kind = exactVersion;
				version = 2.1.0;
			};
		};
		E747728D2D958B0100F659EF /* XCRemoteSwiftPackageReference "swift-package-manager-google-mobile-ads" */ = {
			isa = XCRemoteSwiftPackageReference;
			repositoryURL = "https://github.com/googleads/swift-package-manager-google-mobile-ads.git";
			requirement = {
				kind = upToNextMajorVersion;
				minimumVersion = 12.8.0;
			};
		};
		E76C0D912F60525600893644 /* XCRemoteSwiftPackageReference "Nuke" */ = {
			isa = XCRemoteSwiftPackageReference;
			repositoryURL = "git@github.com:kean/Nuke.git";
			requirement = {
				kind = upToNextMinorVersion;
				minimumVersion = 12.9.0;
			};
		};
		E795AAD82F51A2AB0062C9CE /* XCRemoteSwiftPackageReference "swift-dependencies" */ = {
			isa = XCRemoteSwiftPackageReference;
			repositoryURL = "git@github.com:pointfreeco/swift-dependencies.git";
			requirement = {
				kind = upToNextMajorVersion;
				minimumVersion = 1.11.0;
			};
		};
		E7B9CD552B8E26E9003FAB19 /* XCRemoteSwiftPackageReference "firebase-ios-sdk" */ = {
			isa = XCRemoteSwiftPackageReference;
			repositoryURL = "https://github.com/firebase/firebase-ios-sdk";
			requirement = {
				kind = upToNextMajorVersion;
				minimumVersion = 10.21.0;
			};
		};
		E7C72A642E5F517300FC2378 /* XCRemoteSwiftPackageReference "swift-custom-dump" */ = {
			isa = XCRemoteSwiftPackageReference;
			repositoryURL = "https://github.com/pointfreeco/swift-custom-dump";
			requirement = {
				kind = upToNextMajorVersion;
				minimumVersion = 1.3.3;
			};
		};
/* End XCRemoteSwiftPackageReference section */

/* Begin XCSwiftPackageProductDependency section */
		E710931C2BE13DAA005482F7 /* LicenseList */ = {
			isa = XCSwiftPackageProductDependency;
			package = E710931B2BE13DAA005482F7 /* XCRemoteSwiftPackageReference "LicenseList" */;
			productName = LicenseList;
		};
		E747728E2D958B0100F659EF /* GoogleMobileAds */ = {
			isa = XCSwiftPackageProductDependency;
			package = E747728D2D958B0100F659EF /* XCRemoteSwiftPackageReference "swift-package-manager-google-mobile-ads" */;
			productName = GoogleMobileAds;
		};
		E795AAD92F51A2AB0062C9CE /* Dependencies */ = {
			isa = XCSwiftPackageProductDependency;
			package = E795AAD82F51A2AB0062C9CE /* XCRemoteSwiftPackageReference "swift-dependencies" */;
			productName = Dependencies;
		};
		E795AADB2F51A2AB0062C9CE /* DependenciesMacros */ = {
			isa = XCSwiftPackageProductDependency;
			package = E795AAD82F51A2AB0062C9CE /* XCRemoteSwiftPackageReference "swift-dependencies" */;
			productName = DependenciesMacros;
		};
		E795AAF22F54A0000062C9CE /* AppLogger */ = {
			isa = XCSwiftPackageProductDependency;
			productName = AppLogger;
		};
		E7B9CD562B8E26E9003FAB19 /* FirebaseAnalytics */ = {
			isa = XCSwiftPackageProductDependency;
			package = E7B9CD552B8E26E9003FAB19 /* XCRemoteSwiftPackageReference "firebase-ios-sdk" */;
			productName = FirebaseAnalytics;
		};
		E7B9CD582B8E26E9003FAB19 /* FirebaseFirestore */ = {
			isa = XCSwiftPackageProductDependency;
			package = E7B9CD552B8E26E9003FAB19 /* XCRemoteSwiftPackageReference "firebase-ios-sdk" */;
			productName = FirebaseFirestore;
		};
		E7C72A652E5F517300FC2378 /* CustomDump */ = {
			isa = XCSwiftPackageProductDependency;
			package = E7C72A642E5F517300FC2378 /* XCRemoteSwiftPackageReference "swift-custom-dump" */;
			productName = CustomDump;
		};
		E7F4023D2F60555500226464 /* NukeUI */ = {
			isa = XCSwiftPackageProductDependency;
			package = E76C0D912F60525600893644 /* XCRemoteSwiftPackageReference "Nuke" */;
			productName = NukeUI;
		};
/* End XCSwiftPackageProductDependency section */
	};
	rootObject = E749343A2959F20E0045AE39 /* Project object */;
}
